{"1.2.0",
[{<<"erlang_color">>,{pkg,<<"erlang_color">>,<<"1.0.0">>},1},
 {<<"lfe">>,{pkg,<<"lfe">>,<<"2.0.1">>},0},
 {<<"logjam">>,{pkg,<<"logjam">>,<<"1.0.1">>},0},
 {<<"ltest">>,{pkg,<<"ltest">>,<<"0.13.1">>},0}]}.
[
{pkg_hash,[
 {<<"erlang_color">>, <<"145FE1D2E65C4516E4F03FEFCA6C2F47EBAD5899D978D70382A5CFE643E4AC9E">>},
 {<<"lfe">>, <<"C95185AC7E244EDB60C72CE96087D2D3FBC85334109B741790EF49F6A52E728A">>},
 {<<"logjam">>, <<"0F658834D10B1102E5458C9B3871A0E4D19A74510ADFC4228578F4C7C6C18F63">>},
 {<<"ltest">>, <<"2CECCA53A17D8772C8E0251AA94DFD4FB5989476056B434EB1BC040AD382B36E">>}]},
{pkg_hash_ext,[
 {<<"erlang_color">>, <<"6B17E5E589C8FEF540574C9EA32B67CEC2C8A44283AAFE474D6E5818FB3EE038">>},
 {<<"lfe">>, <<"C3EA9732DF613186C14CAC840D25283B87914AE74D87AFCBA3230AAB41D25E9F">>},
 {<<"logjam">>, <<"8700CFC5AB86C780FF9B92A1758F2742945939B7223424B5A420B26A9A38CFB1">>},
 {<<"ltest">>, <<"1B1666F37A2DDB07E0031AF609358A9C7D32D1A3B691D6A007D16AF4B3006755">>}]}
].
