{"1.2.0",
[{<<"getopt">>,{pkg,<<"getopt">>,<<"1.0.2">>},0},
 {<<"jsx">>,
  {git,"https://github.com/talentdeficit/jsx.git",
       {ref,"fc2a001073f2300ba38427c23e83d5673c020542"}},
  1},
 {<<"lfe">>,{pkg,<<"lfe">>,<<"2.0.1">>},0},
 {<<"ljson">>,
  {git,"https://github.com/mdbergmann/ljson.git",
       {ref,"6942b3a3495c15825e4f3757f1c52a1a4237403c"}},
  0},
 {<<"logjam">>,{pkg,<<"logjam">>,<<"1.0.1">>},0},
 {<<"lutil">>,
  {git,"https://github.com/lfex/lutil.git",
       {ref,"11902399ab4ca7b04372bf2a9d7eeaa58db01dfd"}},
  1},
 {<<"mochiweb">>,
  {git,"https://github.com/mochi/mochiweb.git",
       {ref,"9efbaac0a2aff24121be76fdedb56ef92af3d574"}},
  1}]}.
[
{pkg_hash,[
 {<<"getopt">>, <<"33D9B44289FE7AD08627DDFE1D798E30B2DA0033B51DA1B3A2D64E72CD581D02">>},
 {<<"lfe">>, <<"C95185AC7E244EDB60C72CE96087D2D3FBC85334109B741790EF49F6A52E728A">>},
 {<<"logjam">>, <<"0F658834D10B1102E5458C9B3871A0E4D19A74510ADFC4228578F4C7C6C18F63">>}]},
{pkg_hash_ext,[
 {<<"getopt">>, <<"A0029AEA4322FB82A61F6876A6D9C66DC9878B6CB61FAA13DF3187384FD4EA26">>},
 {<<"lfe">>, <<"C3EA9732DF613186C14CAC840D25283B87914AE74D87AFCBA3230AAB41D25E9F">>},
 {<<"logjam">>, <<"8700CFC5AB86C780FF9B92A1758F2742945939B7223424B5A420B26A9A38CFB1">>}]}
].
